
Microsoft Visual Studio Solution File, Format Version 12.00
# Visual Studio 15
VisualStudioVersion = 15.0.26403.7
MinimumVisualStudioVersion = 10.0.40219.1
Project("{FAE04EC0-301F-11D3-BF4B-00C04F79EFBC}") = "BeagleSdl", "BeagleSdl\BeagleSdl.csproj", "{5E071B40-26AF-4037-9B32-AFBECF387557}"
EndProject
Project("{FAE04EC0-301F-11D3-BF4B-00C04F79EFBC}") = "BeagleChipper", "BeagleChipper\BeagleChipper.csproj", "{3B793DE0-B758-43DE-90D6-AE95C5CD8BF7}"
EndProject
Global
	GlobalSection(SolutionConfigurationPlatforms) = preSolution
		Debug|Any CPU = Debug|Any CPU
		Release|Any CPU = Release|Any CPU
	EndGlobalSection
	GlobalSection(ProjectConfigurationPlatforms) = postSolution
		{5E071B40-26AF-4037-9B32-AFBECF387557}.Debug|Any CPU.ActiveCfg = Debug|Any CPU
		{5E071B40-26AF-4037-9B32-AFBECF387557}.Debug|Any CPU.Build.0 = Debug|Any CPU
		{5E071B40-26AF-4037-9B32-AFBECF387557}.Release|Any CPU.ActiveCfg = Release|Any CPU
		{5E071B40-26AF-4037-9B32-AFBECF387557}.Release|Any CPU.Build.0 = Release|Any CPU
		{3B793DE0-B758-43DE-90D6-AE95C5CD8BF7}.Debug|Any CPU.ActiveCfg = Debug|Any CPU
		{3B793DE0-B758-43DE-90D6-AE95C5CD8BF7}.Debug|Any CPU.Build.0 = Debug|Any CPU
		{3B793DE0-B758-43DE-90D6-AE95C5CD8BF7}.Release|Any CPU.ActiveCfg = Release|Any CPU
		{3B793DE0-B758-43DE-90D6-AE95C5CD8BF7}.Release|Any CPU.Build.0 = Release|Any CPU
	EndGlobalSection
	GlobalSection(SolutionProperties) = preSolution
		HideSolutionNode = FALSE
	EndGlobalSection
EndGlobal
